<?xml version="1.0" encoding="utf-8"?>
<Project ToolsVersion="4.0" xmlns="http://schemas.microsoft.com/developer/msbuild/2003">
  <ItemGroup>
    <Filter Include="Source Files">
      <UniqueIdentifier>{4FC737F1-C7A5-4376-A066-2A32D752A2FF}</UniqueIdentifier>
      <Extensions>cpp;c;cc;cxx;c++;cppm;ixx;def;odl;idl;hpj;bat;asm;asmx</Extensions>
    </Filter>
    <Filter Include="Header Files">
      <UniqueIdentifier>{93995380-89BD-4b04-88EB-625FBE52EBFB}</UniqueIdentifier>
      <Extensions>h;hh;hpp;hxx;h++;hm;inl;inc;ipp;xsd</Extensions>
    </Filter>
    <Filter Include="Resource Files">
      <UniqueIdentifier>{67DA6AB6-F800-4c08-8B7A-83BB121AAD01}</UniqueIdentifier>
      <Extensions>rc;ico;cur;bmp;dlg;rc2;rct;bin;rgs;gif;jpg;jpeg;jpe;resx;tiff;tif;png;wav;mfcribbon-ms</Extensions>
    </Filter>
    <Filter Include="Header Files\Components">
      <UniqueIdentifier>{1ae95c4b-fcf3-44f4-8706-c5554c05768c}</UniqueIdentifier>
    </Filter>
    <Filter Include="Header Files\Systems">
      <UniqueIdentifier>{6596a9d6-b616-4b30-b914-6b8b042d33c3}</UniqueIdentifier>
    </Filter>
    <Filter Include="Source Files\Systems">
      <UniqueIdentifier>{3cfbad92-8b5e-4363-b645-e7e55225ba23}</UniqueIdentifier>
    </Filter>
    <Filter Include="Header Files\Events">
      <UniqueIdentifier>{630e2211-43c0-4070-b68f-d4be56b5b604}</UniqueIdentifier>
    </Filter>
    <Filter Include="Header Files\GameStates">
      <UniqueIdentifier>{cccd1204-ff7f-4cb7-b7e8-00b7a420c040}</UniqueIdentifier>
    </Filter>
    <Filter Include="Source Files\GameStates">
      <UniqueIdentifier>{8d3f36e5-3119-4264-a2c0-e0a6b6d2664f}</UniqueIdentifier>
    </Filter>
    <Filter Include="Header Files\Collisions">
      <UniqueIdentifier>{afdabb85-1fea-40f9-88e6-2639c17f3399}</UniqueIdentifier>
    </Filter>
    <Filter Include="Header Files\Entities">
      <UniqueIdentifier>{5fa9ccca-85a4-4f3d-8215-e0b278f14a59}</UniqueIdentifier>
    </Filter>
    <Filter Include="Source Files\Entities">
      <UniqueIdentifier>{ce7fd9f5-ec02-440b-9933-33a4aeff12b3}</UniqueIdentifier>
    </Filter>
  </ItemGroup>
  <ItemGroup>
    <ClCompile Include="main.cpp">
      <Filter>Source Files</Filter>
    </ClCompile>
    <ClCompile Include="GameSDL.cpp">
      <Filter>Source Files</Filter>
    </ClCompile>
    <ClCompile Include="BreakoutGame.cpp">
      <Filter>Source Files</Filter>
    </ClCompile>
    <ClCompile Include="RenderSystem.cpp">
      <Filter>Source Files\Systems</Filter>
    </ClCompile>
    <ClCompile Include="RenderWindow.cpp">
      <Filter>Source Files</Filter>
    </ClCompile>
    <ClCompile Include="MainMenuGameState.cpp">
      <Filter>Source Files\GameStates</Filter>
    </ClCompile>
    <ClCompile Include="TextureLoader.cpp">
      <Filter>Source Files</Filter>
    </ClCompile>
    <ClCompile Include="TextButton.cpp">
      <Filter>Source Files\Entities</Filter>
    </ClCompile>
    <ClCompile Include="OptionsGameState.cpp">
      <Filter>Source Files\GameStates</Filter>
    </ClCompile>
    <ClCompile Include="LevelGameState.cpp">
      <Filter>Source Files\GameStates</Filter>
    </ClCompile>
    <ClCompile Include="LevelLoader.cpp">
      <Filter>Source Files</Filter>
    </ClCompile>
    <ClCompile Include="LevelBreakout.h">
      <Filter>Header Files</Filter>
    </ClCompile>
    <ClCompile Include="MoveSystem.cpp">
      <Filter>Source Files\Systems</Filter>
    </ClCompile>
    <ClCompile Include="CollisionSystem.cpp">
      <Filter>Source Files\Systems</Filter>
    </ClCompile>
    <ClCompile Include="PauseMenuGameState.cpp">
      <Filter>Source Files\GameStates</Filter>
    </ClCompile>
  </ItemGroup>
  <ItemGroup>
    <ClInclude Include="Timer.h">
      <Filter>Header Files</Filter>
    </ClInclude>
    <ClInclude Include="GameSDL.h">
      <Filter>Header Files</Filter>
    </ClInclude>
    <ClInclude Include="BreakoutGame.h">
      <Filter>Header Files</Filter>
    </ClInclude>
    <ClInclude Include="Position.h">
      <Filter>Header Files\Components</Filter>
    </ClInclude>
    <ClInclude Include="Velocity.h">
      <Filter>Header Files\Components</Filter>
    </ClInclude>
    <ClInclude Include="RenderSystem.h">
      <Filter>Header Files\Systems</Filter>
    </ClInclude>
    <ClInclude Include="Sprite.h">
      <Filter>Header Files\Components</Filter>
    </ClInclude>
    <ClInclude Include="RenderWindow.h">
      <Filter>Header Files</Filter>
    </ClInclude>
    <ClInclude Include="KeyboardEvents.h">
      <Filter>Header Files\Events</Filter>
    </ClInclude>
    <ClInclude Include="MainMenuGameState.h">
      <Filter>Header Files\GameStates</Filter>
    </ClInclude>
    <ClInclude Include="GameState.h">
      <Filter>Header Files\GameStates</Filter>
    </ClInclude>
    <ClInclude Include="TextureLoader.h">
      <Filter>Header Files</Filter>
    </ClInclude>
    <ClInclude Include="GameStateManager.h">
      <Filter>Header Files\GameStates</Filter>
    </ClInclude>
    <ClInclude Include="MouseEvents.h">
      <Filter>Header Files\Events</Filter>
    </ClInclude>
    <ClInclude Include="CollisionUtils.h">
      <Filter>Header Files\Collisions</Filter>
    </ClInclude>
    <ClInclude Include="TextButton.h">
      <Filter>Header Files\Entities</Filter>
    </ClInclude>
    <ClInclude Include="QuitEvent.h">
      <Filter>Header Files\Events</Filter>
    </ClInclude>
    <ClInclude Include="OptionsGameState.h">
      <Filter>Header Files\GameStates</Filter>
    </ClInclude>
    <ClInclude Include="LevelGameState.h">
      <Filter>Header Files\GameStates</Filter>
    </ClInclude>
    <ClInclude Include="LevelLoader.h">
      <Filter>Header Files</Filter>
    </ClInclude>
    <ClInclude Include="MoveSystem.h">
      <Filter>Header Files\Systems</Filter>
    </ClInclude>
    <ClInclude Include="CollisionSystem.h">
      <Filter>Header Files\Systems</Filter>
    </ClInclude>
    <ClInclude Include="CollisionContact.h">
      <Filter>Header Files\Collisions</Filter>
    </ClInclude>
    <ClInclude Include="CollisionCircle.h">
      <Filter>Header Files\Collisions</Filter>
    </ClInclude>
    <ClInclude Include="CollisionAABB.h">
      <Filter>Header Files\Collisions</Filter>
    </ClInclude>
    <ClInclude Include="Ball.h">
      <Filter>Header Files\Components</Filter>
    </ClInclude>
    <ClInclude Include="Brick.h">
      <Filter>Header Files\Components</Filter>
    </ClInclude>
    <ClInclude Include="Player.h">
      <Filter>Header Files\Components</Filter>
    </ClInclude>
    <ClInclude Include="Active.h">
      <Filter>Header Files\Components</Filter>
    </ClInclude>
    <ClInclude Include="GameStatesEvents.h">
      <Filter>Header Files\GameStates</Filter>
    </ClInclude>
    <ClInclude Include="PauseMenuGameState.h">
      <Filter>Header Files\GameStates</Filter>
    </ClInclude>
    <ClInclude Include="BrickDestroyedEvent.h">
      <Filter>Header Files\Events</Filter>
    </ClInclude>
    <ClInclude Include="PaddleCollisionObj.h">
      <Filter>Header Files\Collisions</Filter>
    </ClInclude>
  </ItemGroup>
</Project>